
Microsoft Visual Studio Solution File, Format Version 12.00
# Visual Studio Version 17
VisualStudioVersion = 17.10.35013.160
MinimumVisualStudioVersion = 10.0.40219.1
Project("{8BC9CEB8-8B4A-11D0-8D11-00A0C91BC942}") = "ri-rehi", "ri-rehi\ri-rehi.vcxproj", "{EF26E904-DD93-4BEF-9D14-650A54DD8E0B}"
EndProject
Global
	GlobalSection(SolutionConfigurationPlatforms) = preSolution
		Debug|x64 = Debug|x64
		Release|x64 = Release|x64
	EndGlobalSection
	GlobalSection(ProjectConfigurationPlatforms) = postSolution
		{EF26E904-DD93-4BEF-9D14-650A54DD8E0B}.Debug|x64.ActiveCfg = Debug|x64
		{EF26E904-DD93-4BEF-9D14-650A54DD8E0B}.Debug|x64.Build.0 = Debug|x64
		{EF26E904-DD93-4BEF-9D14-650A54DD8E0B}.Release|x64.ActiveCfg = Release|x64
		{EF26E904-DD93-4BEF-9D14-650A54DD8E0B}.Release|x64.Build.0 = Release|x64
	EndGlobalSection
	GlobalSection(SolutionProperties) = preSolution
		HideSolutionNode = FALSE
	EndGlobalSection
	GlobalSection(ExtensibilityGlobals) = postSolution
		SolutionGuid = {731B695B-3741-4190-8CB5-478E7C53AF39}
	EndGlobalSection
EndGlobal
